// !$*UTF8*$!
{
	archiveVersion = 1;
	classes = {
	};
	objectVersion = 56;
	objects = {

/* Begin PBXBuildFile section */
		2CE29A6C2C59022400868921 /* AppDelegate.swift in Sources */ = {isa = PBXBuildFile; fileRef = 2CE29A6B2C59022400868921 /* AppDelegate.swift */; };
		2CE29A6E2C59022400868921 /* SceneDelegate.swift in Sources */ = {isa = PBXBuildFile; fileRef = 2CE29A6D2C59022400868921 /* SceneDelegate.swift */; };
		2CE29A752C59022700868921 /* Assets.xcassets in Resources */ = {isa = PBXBuildFile; fileRef = 2CE29A742C59022700868921 /* Assets.xcassets */; };
		2CE29A782C59022700868921 /* LaunchScreen.storyboard in Resources */ = {isa = PBXBuildFile; fileRef = 2CE29A762C59022700868921 /* LaunchScreen.storyboard */; };
		2CE29A802C5902EA00868921 /* Menu.storyboard in Resources */ = {isa = PBXBuildFile; fileRef = 2CE29A7F2C5902EA00868921 /* Menu.storyboard */; };
		2CE29A842C59038600868921 /* MenuViewController.swift in Sources */ = {isa = PBXBuildFile; fileRef = 2CE29A832C59038600868921 /* MenuViewController.swift */; };
		2CE29A862C590DC200868921 /* FoodCategoryViewCell.xib in Resources */ = {isa = PBXBuildFile; fileRef = 2CE29A852C590DC200868921 /* FoodCategoryViewCell.xib */; };
		2CE29A882C59106200868921 /* FoodNameViewCell.xib in Resources */ = {isa = PBXBuildFile; fileRef = 2CE29A872C59106200868921 /* FoodNameViewCell.xib */; };
		2CE29A8A2C591EFE00868921 /* FoodCategoryViewCell.swift in Sources */ = {isa = PBXBuildFile; fileRef = 2CE29A892C591EFE00868921 /* FoodCategoryViewCell.swift */; };
		2CE29A8C2C591F6300868921 /* FoodNameViewCell.swift in Sources */ = {isa = PBXBuildFile; fileRef = 2CE29A8B2C591F6300868921 /* FoodNameViewCell.swift */; };
		2CE29A902C592A3000868921 /* FoodCategory.swift in Sources */ = {isa = PBXBuildFile; fileRef = 2CE29A8F2C592A3000868921 /* FoodCategory.swift */; };
		2CE29A922C592A4600868921 /* FoodName.swift in Sources */ = {isa = PBXBuildFile; fileRef = 2CE29A912C592A4600868921 /* FoodName.swift */; };
		2CE29A952C5933F900868921 /* ApiManager.swift in Sources */ = {isa = PBXBuildFile; fileRef = 2CE29A942C5933F900868921 /* ApiManager.swift */; };
/* End PBXBuildFile section */

/* Begin PBXFileReference section */
		2CE29A682C59022400868921 /* Vkussovet.app */ = {isa = PBXFileReference; explicitFileType = wrapper.application; includeInIndex = 0; path = Vkussovet.app; sourceTree = BUILT_PRODUCTS_DIR; };
		2CE29A6B2C59022400868921 /* AppDelegate.swift */ = {isa = PBXFileReference; lastKnownFileType = sourcecode.swift; path = AppDelegate.swift; sourceTree = "<group>"; };
		2CE29A6D2C59022400868921 /* SceneDelegate.swift */ = {isa = PBXFileReference; lastKnownFileType = sourcecode.swift; path = SceneDelegate.swift; sourceTree = "<group>"; };
		2CE29A742C59022700868921 /* Assets.xcassets */ = {isa = PBXFileReference; lastKnownFileType = folder.assetcatalog; path = Assets.xcassets; sourceTree = "<group>"; };
		2CE29A772C59022700868921 /* Base */ = {isa = PBXFileReference; lastKnownFileType = file.storyboard; name = Base; path = Base.lproj/LaunchScreen.storyboard; sourceTree = "<group>"; };
		2CE29A792C59022700868921 /* Info.plist */ = {isa = PBXFileReference; lastKnownFileType = text.plist.xml; path = Info.plist; sourceTree = "<group>"; };
		2CE29A7F2C5902EA00868921 /* Menu.storyboard */ = {isa = PBXFileReference; lastKnownFileType = file.storyboard; path = Menu.storyboard; sourceTree = "<group>"; };
		2CE29A832C59038600868921 /* MenuViewController.swift */ = {isa = PBXFileReference; lastKnownFileType = sourcecode.swift; path = MenuViewController.swift; sourceTree = "<group>"; };
		2CE29A852C590DC200868921 /* FoodCategoryViewCell.xib */ = {isa = PBXFileReference; lastKnownFileType = file.xib; path = FoodCategoryViewCell.xib; sourceTree = "<group>"; };
		2CE29A872C59106200868921 /* FoodNameViewCell.xib */ = {isa = PBXFileReference; lastKnownFileType = file.xib; path = FoodNameViewCell.xib; sourceTree = "<group>"; };
		2CE29A892C591EFE00868921 /* FoodCategoryViewCell.swift */ = {isa = PBXFileReference; lastKnownFileType = sourcecode.swift; path = FoodCategoryViewCell.swift; sourceTree = "<group>"; };
		2CE29A8B2C591F6300868921 /* FoodNameViewCell.swift */ = {isa = PBXFileReference; lastKnownFileType = sourcecode.swift; path = FoodNameViewCell.swift; sourceTree = "<group>"; };
		2CE29A8F2C592A3000868921 /* FoodCategory.swift */ = {isa = PBXFileReference; lastKnownFileType = sourcecode.swift; path = FoodCategory.swift; sourceTree = "<group>"; };
		2CE29A912C592A4600868921 /* FoodName.swift */ = {isa = PBXFileReference; lastKnownFileType = sourcecode.swift; path = FoodName.swift; sourceTree = "<group>"; };
		2CE29A942C5933F900868921 /* ApiManager.swift */ = {isa = PBXFileReference; lastKnownFileType = sourcecode.swift; path = ApiManager.swift; sourceTree = "<group>"; };
/* End PBXFileReference section */

/* Begin PBXFrameworksBuildPhase section */
		2CE29A652C59022400868921 /* Frameworks */ = {
			isa = PBXFrameworksBuildPhase;
			buildActionMask = 2147483647;
			files = (
			);
			runOnlyForDeploymentPostprocessing = 0;
		};
/* End PBXFrameworksBuildPhase section */

/* Begin PBXGroup section */
		2C85E7142C5E34C0006A9236 /* Controller */ = {
			isa = PBXGroup;
			children = (
				2CE29A832C59038600868921 /* MenuViewController.swift */,
				2CE29A942C5933F900868921 /* ApiManager.swift */,
			);
			path = Controller;
			sourceTree = "<group>";
		};
		2CE29A5F2C59022400868921 = {
			isa = PBXGroup;
			children = (
				2CE29A6A2C59022400868921 /* Vkussovet */,
				2CE29A692C59022400868921 /* Products */,
			);
			sourceTree = "<group>";
		};
		2CE29A692C59022400868921 /* Products */ = {
			isa = PBXGroup;
			children = (
				2CE29A682C59022400868921 /* Vkussovet.app */,
			);
			name = Products;
			sourceTree = "<group>";
		};
		2CE29A6A2C59022400868921 /* Vkussovet */ = {
			isa = PBXGroup;
			children = (
				2CE29A6B2C59022400868921 /* AppDelegate.swift */,
				2CE29A6D2C59022400868921 /* SceneDelegate.swift */,
				2C85E7142C5E34C0006A9236 /* Controller */,
				2CE29A932C5933D700868921 /* Model */,
				2CE29A962C59340B00868921 /* View */,
				2CE29A742C59022700868921 /* Assets.xcassets */,
				2CE29A792C59022700868921 /* Info.plist */,
			);
			path = Vkussovet;
			sourceTree = "<group>";
		};
		2CE29A932C5933D700868921 /* Model */ = {
			isa = PBXGroup;
			children = (
				2CE29A8F2C592A3000868921 /* FoodCategory.swift */,
				2CE29A912C592A4600868921 /* FoodName.swift */,
			);
			path = Model;
			sourceTree = "<group>";
		};
		2CE29A962C59340B00868921 /* View */ = {
			isa = PBXGroup;
			children = (
				2CE29A7F2C5902EA00868921 /* Menu.storyboard */,
				2CE29A852C590DC200868921 /* FoodCategoryViewCell.xib */,
				2CE29A872C59106200868921 /* FoodNameViewCell.xib */,
				2CE29A762C59022700868921 /* LaunchScreen.storyboard */,
				2CE29A892C591EFE00868921 /* FoodCategoryViewCell.swift */,
				2CE29A8B2C591F6300868921 /* FoodNameViewCell.swift */,
			);
			path = View;
			sourceTree = "<group>";
		};
/* End PBXGroup section */

/* Begin PBXNativeTarget section */
		2CE29A672C59022400868921 /* Vkussovet */ = {
			isa = PBXNativeTarget;
			buildConfigurationList = 2CE29A7C2C59022700868921 /* Build configuration list for PBXNativeTarget "Vkussovet" */;
			buildPhases = (
				2CE29A642C59022400868921 /* Sources */,
				2CE29A652C59022400868921 /* Frameworks */,
				2CE29A662C59022400868921 /* Resources */,
			);
			buildRules = (
			);
			dependencies = (
			);
			name = Vkussovet;
			productName = Vkussovet;
			productReference = 2CE29A682C59022400868921 /* Vkussovet.app */;
			productType = "com.apple.product-type.application";
		};
/* End PBXNativeTarget section */

/* Begin PBXProject section */
		2CE29A602C59022400868921 /* Project object */ = {
			isa = PBXProject;
			attributes = {
				BuildIndependentTargetsInParallel = 1;
				LastSwiftUpdateCheck = 1500;
				LastUpgradeCheck = 1500;
				TargetAttributes = {
					2CE29A672C59022400868921 = {
						CreatedOnToolsVersion = 15.0;
					};
				};
			};
			buildConfigurationList = 2CE29A632C59022400868921 /* Build configuration list for PBXProject "Vkussovet" */;
			compatibilityVersion = "Xcode 14.0";
			developmentRegion = en;
			hasScannedForEncodings = 0;
			knownRegions = (
				en,
				Base,
			);
			mainGroup = 2CE29A5F2C59022400868921;
			productRefGroup = 2CE29A692C59022400868921 /* Products */;
			projectDirPath = "";
			projectRoot = "";
			targets = (
				2CE29A672C59022400868921 /* Vkussovet */,
			);
		};
/* End PBXProject section */

/* Begin PBXResourcesBuildPhase section */
		2CE29A662C59022400868921 /* Resources */ = {
			isa = PBXResourcesBuildPhase;
			buildActionMask = 2147483647;
			files = (
				2CE29A882C59106200868921 /* FoodNameViewCell.xib in Resources */,
				2CE29A782C59022700868921 /* LaunchScreen.storyboard in Resources */,
				2CE29A752C59022700868921 /* Assets.xcassets in Resources */,
				2CE29A862C590DC200868921 /* FoodCategoryViewCell.xib in Resources */,
				2CE29A802C5902EA00868921 /* Menu.storyboard in Resources */,
			);
			runOnlyForDeploymentPostprocessing = 0;
		};
/* End PBXResourcesBuildPhase section */

/* Begin PBXSourcesBuildPhase section */
		2CE29A642C59022400868921 /* Sources */ = {
			isa = PBXSourcesBuildPhase;
			buildActionMask = 2147483647;
			files = (
				2CE29A952C5933F900868921 /* ApiManager.swift in Sources */,
				2CE29A6C2C59022400868921 /* AppDelegate.swift in Sources */,
				2CE29A922C592A4600868921 /* FoodName.swift in Sources */,
				2CE29A902C592A3000868921 /* FoodCategory.swift in Sources */,
				2CE29A8A2C591EFE00868921 /* FoodCategoryViewCell.swift in Sources */,
				2CE29A8C2C591F6300868921 /* FoodNameViewCell.swift in Sources */,
				2CE29A6E2C59022400868921 /* SceneDelegate.swift in Sources */,
				2CE29A842C59038600868921 /* MenuViewController.swift in Sources */,
			);
			runOnlyForDeploymentPostprocessing = 0;
		};
/* End PBXSourcesBuildPhase section */

/* Begin PBXVariantGroup section */
		2CE29A762C59022700868921 /* LaunchScreen.storyboard */ = {
			isa = PBXVariantGroup;
			children = (
				2CE29A772C59022700868921 /* Base */,
			);
			name = LaunchScreen.storyboard;
			sourceTree = "<group>";
		};
/* End PBXVariantGroup section */

/* Begin XCBuildConfiguration section */
		2CE29A7A2C59022700868921 /* Debug */ = {
			isa = XCBuildConfiguration;
			buildSettings = {
				ALWAYS_SEARCH_USER_PATHS = NO;
				ASSETCATALOG_COMPILER_GENERATE_SWIFT_ASSET_SYMBOL_EXTENSIONS = YES;
				CLANG_ANALYZER_NONNULL = YES;
				CLANG_ANALYZER_NUMBER_OBJECT_CONVERSION = YES_AGGRESSIVE;
				CLANG_CXX_LANGUAGE_STANDARD = "gnu++20";
				CLANG_ENABLE_MODULES = YES;
				CLANG_ENABLE_OBJC_ARC = YES;
				CLANG_ENABLE_OBJC_WEAK = YES;
				CLANG_WARN_BLOCK_CAPTURE_AUTORELEASING = YES;
				CLANG_WARN_BOOL_CONVERSION = YES;
				CLANG_WARN_COMMA = YES;
				CLANG_WARN_CONSTANT_CONVERSION = YES;
				CLANG_WARN_DEPRECATED_OBJC_IMPLEMENTATIONS = YES;
				CLANG_WARN_DIRECT_OBJC_ISA_USAGE = YES_ERROR;
				CLANG_WARN_DOCUMENTATION_COMMENTS = YES;
				CLANG_WARN_EMPTY_BODY = YES;
				CLANG_WARN_ENUM_CONVERSION = YES;
				CLANG_WARN_INFINITE_RECURSION = YES;
				CLANG_WARN_INT_CONVERSION = YES;
				CLANG_WARN_NON_LITERAL_NULL_CONVERSION = YES;
				CLANG_WARN_OBJC_IMPLICIT_RETAIN_SELF = YES;
				CLANG_WARN_OBJC_LITERAL_CONVERSION = YES;
				CLANG_WARN_OBJC_ROOT_CLASS = YES_ERROR;
				CLANG_WARN_QUOTED_INCLUDE_IN_FRAMEWORK_HEADER = YES;
				CLANG_WARN_RANGE_LOOP_ANALYSIS = YES;
				CLANG_WARN_STRICT_PROTOTYPES = YES;
				CLANG_WARN_SUSPICIOUS_MOVE = YES;
				CLANG_WARN_UNGUARDED_AVAILABILITY = YES_AGGRESSIVE;
				CLANG_WARN_UNREACHABLE_CODE = YES;
				CLANG_WARN__DUPLICATE_METHOD_MATCH = YES;
				COPY_PHASE_STRIP = NO;
				DEBUG_INFORMATION_FORMAT = dwarf;
				ENABLE_STRICT_OBJC_MSGSEND = YES;
				ENABLE_TESTABILITY = YES;
				ENABLE_USER_SCRIPT_SANDBOXING = YES;
				GCC_C_LANGUAGE_STANDARD = gnu17;
				GCC_DYNAMIC_NO_PIC = NO;
				GCC_NO_COMMON_BLOCKS = YES;
				GCC_OPTIMIZATION_LEVEL = 0;
				GCC_PREPROCESSOR_DEFINITIONS = (
					"DEBUG=1",
					"$(inherited)",
				);
				GCC_WARN_64_TO_32_BIT_CONVERSION = YES;
				GCC_WARN_ABOUT_RETURN_TYPE = YES_ERROR;
				GCC_WARN_UNDECLARED_SELECTOR = YES;
				GCC_WARN_UNINITIALIZED_AUTOS = YES_AGGRESSIVE;
				GCC_WARN_UNUSED_FUNCTION = YES;
				GCC_WARN_UNUSED_VARIABLE = YES;
				IPHONEOS_DEPLOYMENT_TARGET = 17.0;
				LOCALIZATION_PREFERS_STRING_CATALOGS = YES;
				MTL_ENABLE_DEBUG_INFO = INCLUDE_SOURCE;
				MTL_FAST_MATH = YES;
				ONLY_ACTIVE_ARCH = YES;
				SDKROOT = iphoneos;
				SWIFT_ACTIVE_COMPILATION_CONDITIONS = "DEBUG $(inherited)";
				SWIFT_OPTIMIZATION_LEVEL = "-Onone";
			};
			name = Debug;
		};
		2CE29A7B2C59022700868921 /* Release */ = {
			isa = XCBuildConfiguration;
			buildSettings = {
				ALWAYS_SEARCH_USER_PATHS = NO;
				ASSETCATALOG_COMPILER_GENERATE_SWIFT_ASSET_SYMBOL_EXTENSIONS = YES;
				CLANG_ANALYZER_NONNULL = YES;
				CLANG_ANALYZER_NUMBER_OBJECT_CONVERSION = YES_AGGRESSIVE;
				CLANG_CXX_LANGUAGE_STANDARD = "gnu++20";
				CLANG_ENABLE_MODULES = YES;
				CLANG_ENABLE_OBJC_ARC = YES;
				CLANG_ENABLE_OBJC_WEAK = YES;
				CLANG_WARN_BLOCK_CAPTURE_AUTORELEASING = YES;
				CLANG_WARN_BOOL_CONVERSION = YES;
				CLANG_WARN_COMMA = YES;
				CLANG_WARN_CONSTANT_CONVERSION = YES;
				CLANG_WARN_DEPRECATED_OBJC_IMPLEMENTATIONS = YES;
				CLANG_WARN_DIRECT_OBJC_ISA_USAGE = YES_ERROR;
				CLANG_WARN_DOCUMENTATION_COMMENTS = YES;
				CLANG_WARN_EMPTY_BODY = YES;
				CLANG_WARN_ENUM_CONVERSION = YES;
				CLANG_WARN_INFINITE_RECURSION = YES;
				CLANG_WARN_INT_CONVERSION = YES;
				CLANG_WARN_NON_LITERAL_NULL_CONVERSION = YES;
				CLANG_WARN_OBJC_IMPLICIT_RETAIN_SELF = YES;
				CLANG_WARN_OBJC_LITERAL_CONVERSION = YES;
				CLANG_WARN_OBJC_ROOT_CLASS = YES_ERROR;
				CLANG_WARN_QUOTED_INCLUDE_IN_FRAMEWORK_HEADER = YES;
				CLANG_WARN_RANGE_LOOP_ANALYSIS = YES;
				CLANG_WARN_STRICT_PROTOTYPES = YES;
				CLANG_WARN_SUSPICIOUS_MOVE = YES;
				CLANG_WARN_UNGUARDED_AVAILABILITY = YES_AGGRESSIVE;
				CLANG_WARN_UNREACHABLE_CODE = YES;
				CLANG_WARN__DUPLICATE_METHOD_MATCH = YES;
				COPY_PHASE_STRIP = NO;
				DEBUG_INFORMATION_FORMAT = "dwarf-with-dsym";
				ENABLE_NS_ASSERTIONS = NO;
				ENABLE_STRICT_OBJC_MSGSEND = YES;
				ENABLE_USER_SCRIPT_SANDBOXING = YES;
				GCC_C_LANGUAGE_STANDARD = gnu17;
				GCC_NO_COMMON_BLOCKS = YES;
				GCC_WARN_64_TO_32_BIT_CONVERSION = YES;
				GCC_WARN_ABOUT_RETURN_TYPE = YES_ERROR;
				GCC_WARN_UNDECLARED_SELECTOR = YES;
				GCC_WARN_UNINITIALIZED_AUTOS = YES_AGGRESSIVE;
				GCC_WARN_UNUSED_FUNCTION = YES;
				GCC_WARN_UNUSED_VARIABLE = YES;
				IPHONEOS_DEPLOYMENT_TARGET = 17.0;
				LOCALIZATION_PREFERS_STRING_CATALOGS = YES;
				MTL_ENABLE_DEBUG_INFO = NO;
				MTL_FAST_MATH = YES;
				SDKROOT = iphoneos;
				SWIFT_COMPILATION_MODE = wholemodule;
				VALIDATE_PRODUCT = YES;
			};
			name = Release;
		};
		2CE29A7D2C59022700868921 /* Debug */ = {
			isa = XCBuildConfiguration;
			buildSettings = {
				ASSETCATALOG_COMPILER_APPICON_NAME = AppIcon;
				ASSETCATALOG_COMPILER_GLOBAL_ACCENT_COLOR_NAME = AccentColor;
				CODE_SIGN_STYLE = Automatic;
				CURRENT_PROJECT_VERSION = 1;
				DEVELOPMENT_TEAM = GRB7RT55N2;
				GENERATE_INFOPLIST_FILE = YES;
				INFOPLIST_FILE = Vkussovet/Info.plist;
				INFOPLIST_KEY_UIApplicationSupportsIndirectInputEvents = YES;
				INFOPLIST_KEY_UILaunchStoryboardName = LaunchScreen;
				INFOPLIST_KEY_UIMainStoryboardFile = Menu;
				INFOPLIST_KEY_UIRequiresFullScreen = YES;
				INFOPLIST_KEY_UIStatusBarStyle = UIStatusBarStyleDarkContent;
				INFOPLIST_KEY_UISupportedInterfaceOrientations = UIInterfaceOrientationPortrait;
				IPHONEOS_DEPLOYMENT_TARGET = 15.0;
				LD_RUNPATH_SEARCH_PATHS = (
					"$(inherited)",
					"@executable_path/Frameworks",
				);
				MARKETING_VERSION = 1.0;
				PRODUCT_BUNDLE_IDENTIFIER = "ivan-elonov.Vkussovet";
				PRODUCT_NAME = "$(TARGET_NAME)";
				SWIFT_EMIT_LOC_STRINGS = YES;
				SWIFT_VERSION = 5.0;
				TARGETED_DEVICE_FAMILY = "1,2";
			};
			name = Debug;
		};
		2CE29A7E2C59022700868921 /* Release */ = {
			isa = XCBuildConfiguration;
			buildSettings = {
				ASSETCATALOG_COMPILER_APPICON_NAME = AppIcon;
				ASSETCATALOG_COMPILER_GLOBAL_ACCENT_COLOR_NAME = AccentColor;
				CODE_SIGN_STYLE = Automatic;
				CURRENT_PROJECT_VERSION = 1;
				DEVELOPMENT_TEAM = GRB7RT55N2;
				GENERATE_INFOPLIST_FILE = YES;
				INFOPLIST_FILE = Vkussovet/Info.plist;
				INFOPLIST_KEY_UIApplicationSupportsIndirectInputEvents = YES;
				INFOPLIST_KEY_UILaunchStoryboardName = LaunchScreen;
				INFOPLIST_KEY_UIMainStoryboardFile = Menu;
				INFOPLIST_KEY_UIRequiresFullScreen = YES;
				INFOPLIST_KEY_UIStatusBarStyle = UIStatusBarStyleDarkContent;
				INFOPLIST_KEY_UISupportedInterfaceOrientations = UIInterfaceOrientationPortrait;
				IPHONEOS_DEPLOYMENT_TARGET = 15.0;
				LD_RUNPATH_SEARCH_PATHS = (
					"$(inherited)",
					"@executable_path/Frameworks",
				);
				MARKETING_VERSION = 1.0;
				PRODUCT_BUNDLE_IDENTIFIER = "ivan-elonov.Vkussovet";
				PRODUCT_NAME = "$(TARGET_NAME)";
				SWIFT_EMIT_LOC_STRINGS = YES;
				SWIFT_VERSION = 5.0;
				TARGETED_DEVICE_FAMILY = "1,2";
			};
			name = Release;
		};
/* End XCBuildConfiguration section */

/* Begin XCConfigurationList section */
		2CE29A632C59022400868921 /* Build configuration list for PBXProject "Vkussovet" */ = {
			isa = XCConfigurationList;
			buildConfigurations = (
				2CE29A7A2C59022700868921 /* Debug */,
				2CE29A7B2C59022700868921 /* Release */,
			);
			defaultConfigurationIsVisible = 0;
			defaultConfigurationName = Release;
		};
		2CE29A7C2C59022700868921 /* Build configuration list for PBXNativeTarget "Vkussovet" */ = {
			isa = XCConfigurationList;
			buildConfigurations = (
				2CE29A7D2C59022700868921 /* Debug */,
				2CE29A7E2C59022700868921 /* Release */,
			);
			defaultConfigurationIsVisible = 0;
			defaultConfigurationName = Release;
		};
/* End XCConfigurationList section */
	};
	rootObject = 2CE29A602C59022400868921 /* Project object */;
}
